
Microsoft Visual Studio Solution File, Format Version 12.00
# Visual Studio Version 17
VisualStudioVersion = 17.0.31903.59
MinimumVisualStudioVersion = 10.0.40219.1
Project("{2150E333-8FDC-42A3-9474-1A3956D46DE8}") = "src", "src", "{827E0CD3-B72D-47B6-A68D-7590B98EB39B}"
EndProject
Project("{FAE04EC0-301F-11D3-BF4B-00C04F79EFBC}") = "ResumeRank.Web", "src\ResumeRank.Web\ResumeRank.Web.csproj", "{FA92DDD8-1061-477B-8E99-B7A1DD4A9EC5}"
EndProject
Project("{2150E333-8FDC-42A3-9474-1A3956D46DE8}") = "tests", "tests", "{0AB3BF05-4346-4AA6-1389-037BE0695223}"
EndProject
Project("{FAE04EC0-301F-11D3-BF4B-00C04F79EFBC}") = "ResumeRank.Web.Tests", "tests\ResumeRank.Web.Tests\ResumeRank.Web.Tests.csproj", "{9D85E694-67A8-4D51-AF6E-F53A23B86890}"
EndProject
Global
	GlobalSection(SolutionConfigurationPlatforms) = preSolution
		Debug|Any CPU = Debug|Any CPU
		Debug|x64 = Debug|x64
		Debug|x86 = Debug|x86
		Release|Any CPU = Release|Any CPU
		Release|x64 = Release|x64
		Release|x86 = Release|x86
	EndGlobalSection
	GlobalSection(ProjectConfigurationPlatforms) = postSolution
		{FA92DDD8-1061-477B-8E99-B7A1DD4A9EC5}.Debug|Any CPU.ActiveCfg = Debug|Any CPU
		{FA92DDD8-1061-477B-8E99-B7A1DD4A9EC5}.Debug|Any CPU.Build.0 = Debug|Any CPU
		{FA92DDD8-1061-477B-8E99-B7A1DD4A9EC5}.Debug|x64.ActiveCfg = Debug|Any CPU
		{FA92DDD8-1061-477B-8E99-B7A1DD4A9EC5}.Debug|x64.Build.0 = Debug|Any CPU
		{FA92DDD8-1061-477B-8E99-B7A1DD4A9EC5}.Debug|x86.ActiveCfg = Debug|Any CPU
		{FA92DDD8-1061-477B-8E99-B7A1DD4A9EC5}.Debug|x86.Build.0 = Debug|Any CPU
		{FA92DDD8-1061-477B-8E99-B7A1DD4A9EC5}.Release|Any CPU.ActiveCfg = Release|Any CPU
		{FA92DDD8-1061-477B-8E99-B7A1DD4A9EC5}.Release|Any CPU.Build.0 = Release|Any CPU
		{FA92DDD8-1061-477B-8E99-B7A1DD4A9EC5}.Release|x64.ActiveCfg = Release|Any CPU
		{FA92DDD8-1061-477B-8E99-B7A1DD4A9EC5}.Release|x64.Build.0 = Release|Any CPU
		{FA92DDD8-1061-477B-8E99-B7A1DD4A9EC5}.Release|x86.ActiveCfg = Release|Any CPU
		{FA92DDD8-1061-477B-8E99-B7A1DD4A9EC5}.Release|x86.Build.0 = Release|Any CPU
		{9D85E694-67A8-4D51-AF6E-F53A23B86890}.Debug|Any CPU.ActiveCfg = Debug|Any CPU
		{9D85E694-67A8-4D51-AF6E-F53A23B86890}.Debug|Any CPU.Build.0 = Debug|Any CPU
		{9D85E694-67A8-4D51-AF6E-F53A23B86890}.Debug|x64.ActiveCfg = Debug|Any CPU
		{9D85E694-67A8-4D51-AF6E-F53A23B86890}.Debug|x64.Build.0 = Debug|Any CPU
		{9D85E694-67A8-4D51-AF6E-F53A23B86890}.Debug|x86.ActiveCfg = Debug|Any CPU
		{9D85E694-67A8-4D51-AF6E-F53A23B86890}.Debug|x86.Build.0 = Debug|Any CPU
		{9D85E694-67A8-4D51-AF6E-F53A23B86890}.Release|Any CPU.ActiveCfg = Release|Any CPU
		{9D85E694-67A8-4D51-AF6E-F53A23B86890}.Release|Any CPU.Build.0 = Release|Any CPU
		{9D85E694-67A8-4D51-AF6E-F53A23B86890}.Release|x64.ActiveCfg = Release|Any CPU
		{9D85E694-67A8-4D51-AF6E-F53A23B86890}.Release|x64.Build.0 = Release|Any CPU
		{9D85E694-67A8-4D51-AF6E-F53A23B86890}.Release|x86.ActiveCfg = Release|Any CPU
		{9D85E694-67A8-4D51-AF6E-F53A23B86890}.Release|x86.Build.0 = Release|Any CPU
	EndGlobalSection
	GlobalSection(SolutionProperties) = preSolution
		HideSolutionNode = FALSE
	EndGlobalSection
	GlobalSection(NestedProjects) = preSolution
		{FA92DDD8-1061-477B-8E99-B7A1DD4A9EC5} = {827E0CD3-B72D-47B6-A68D-7590B98EB39B}
		{9D85E694-67A8-4D51-AF6E-F53A23B86890} = {0AB3BF05-4346-4AA6-1389-037BE0695223}
	EndGlobalSection
EndGlobal
